
Microsoft Visual Studio Solution File, Format Version 12.00
# Visual Studio Version 16
VisualStudioVersion = 16.0.32630.194
MinimumVisualStudioVersion = 10.0.40219.1
Project("{FAE04EC0-301F-11D3-BF4B-00C04F79EFBC}") = "Anisimov_project", "Anisimov_project\Anisimov_project.csproj", "{A820122F-1D44-456B-BA60-79D9962825D6}"
EndProject
Global
	GlobalSection(SolutionConfigurationPlatforms) = preSolution
		Debug|Any CPU = Debug|Any CPU
		Release|Any CPU = Release|Any CPU
	EndGlobalSection
	GlobalSection(ProjectConfigurationPlatforms) = postSolution
		{A820122F-1D44-456B-BA60-79D9962825D6}.Debug|Any CPU.ActiveCfg = Debug|Any CPU
		{A820122F-1D44-456B-BA60-79D9962825D6}.Debug|Any CPU.Build.0 = Debug|Any CPU
		{A820122F-1D44-456B-BA60-79D9962825D6}.Release|Any CPU.ActiveCfg = Release|Any CPU
		{A820122F-1D44-456B-BA60-79D9962825D6}.Release|Any CPU.Build.0 = Release|Any CPU
	EndGlobalSection
	GlobalSection(SolutionProperties) = preSolution
		HideSolutionNode = FALSE
	EndGlobalSection
	GlobalSection(ExtensibilityGlobals) = postSolution
		SolutionGuid = {32E82788-E15A-42C4-BAAF-0D03272AB541}
	EndGlobalSection
EndGlobal
